// !$*UTF8*$!
{
	archiveVersion = 1;
	classes = {
	};
	objectVersion = 46;
	objects = {

/* Begin PBXBuildFile section */
		4003A3DB1DB13D7A00FC65AB /* AppDelegate.swift in Sources */ = {isa = PBXBuildFile; fileRef = 4003A3DA1DB13D7A00FC65AB /* AppDelegate.swift */; };
		4003A3DD1DB13D7A00FC65AB /* ViewController.swift in Sources */ = {isa = PBXBuildFile; fileRef = 4003A3DC1DB13D7A00FC65AB /* ViewController.swift */; };
		4003A3E01DB13D7A00FC65AB /* Main.storyboard in Resources */ = {isa = PBXBuildFile; fileRef = 4003A3DE1DB13D7A00FC65AB /* Main.storyboard */; };
		4003A3E21DB13D7A00FC65AB /* Assets.xcassets in Resources */ = {isa = PBXBuildFile; fileRef = 4003A3E11DB13D7A00FC65AB /* Assets.xcassets */; };
		4003A3E51DB13D7A00FC65AB /* LaunchScreen.storyboard in Resources */ = {isa = PBXBuildFile; fileRef = 4003A3E31DB13D7A00FC65AB /* LaunchScreen.storyboard */; };
/* End PBXBuildFile section */

/* Begin PBXFileReference section */
		4003A3D71DB13D7A00FC65AB /* DouYu.app */ = {isa = PBXFileReference; explicitFileType = wrapper.application; includeInIndex = 0; path = DouYu.app; sourceTree = BUILT_PRODUCTS_DIR; };
		4003A3DA1DB13D7A00FC65AB /* AppDelegate.swift */ = {isa = PBXFileReference; lastKnownFileType = sourcecode.swift; path = AppDelegate.swift; sourceTree = "<group>"; };
		4003A3DC1DB13D7A00FC65AB /* ViewController.swift */ = {isa = PBXFileReference; lastKnownFileType = sourcecode.swift; path = ViewController.swift; sourceTree = "<group>"; };
		4003A3DF1DB13D7A00FC65AB /* Base */ = {isa = PBXFileReference; lastKnownFileType = file.storyboard; name = Base; path = Base.lproj/Main.storyboard; sourceTree = "<group>"; };
		4003A3E11DB13D7A00FC65AB /* Assets.xcassets */ = {isa = PBXFileReference; lastKnownFileType = folder.assetcatalog; path = Assets.xcassets; sourceTree = "<group>"; };
		4003A3E41DB13D7A00FC65AB /* Base */ = {isa = PBXFileReference; lastKnownFileType = file.storyboard; name = Base; path = Base.lproj/LaunchScreen.storyboard; sourceTree = "<group>"; };
		4003A3E61DB13D7A00FC65AB /* Info.plist */ = {isa = PBXFileReference; lastKnownFileType = text.plist.xml; path = Info.plist; sourceTree = "<group>"; };
/* End PBXFileReference section */

/* Begin PBXFrameworksBuildPhase section */
		4003A3D41DB13D7A00FC65AB /* Frameworks */ = {
			isa = PBXFrameworksBuildPhase;
			buildActionMask = 2147483647;
			files = (
			);
			runOnlyForDeploymentPostprocessing = 0;
		};
/* End PBXFrameworksBuildPhase section */

/* Begin PBXGroup section */
		4003A3CE1DB13D7A00FC65AB = {
			isa = PBXGroup;
			children = (
				4003A3D91DB13D7A00FC65AB /* DouYu */,
				4003A3D81DB13D7A00FC65AB /* Products */,
			);
			sourceTree = "<group>";
		};
		4003A3D81DB13D7A00FC65AB /* Products */ = {
			isa = PBXGroup;
			children = (
				4003A3D71DB13D7A00FC65AB /* DouYu.app */,
			);
			name = Products;
			sourceTree = "<group>";
		};
		4003A3D91DB13D7A00FC65AB /* DouYu */ = {
			isa = PBXGroup;
			children = (
				4003A3DA1DB13D7A00FC65AB /* AppDelegate.swift */,
				4003A3DC1DB13D7A00FC65AB /* ViewController.swift */,
				4003A3DE1DB13D7A00FC65AB /* Main.storyboard */,
				4003A3E11DB13D7A00FC65AB /* Assets.xcassets */,
				4003A3E31DB13D7A00FC65AB /* LaunchScreen.storyboard */,
				4003A3E61DB13D7A00FC65AB /* Info.plist */,
			);
			path = DouYu;
			sourceTree = "<group>";
		};
/* End PBXGroup section */

/* Begin PBXNativeTarget section */
		4003A3D61DB13D7A00FC65AB /* DouYu */ = {
			isa = PBXNativeTarget;
			buildConfigurationList = 4003A3E91DB13D7A00FC65AB /* Build configuration list for PBXNativeTarget "DouYu" */;
			buildPhases = (
				4003A3D31DB13D7A00FC65AB /* Sources */,
				4003A3D41DB13D7A00FC65AB /* Frameworks */,
				4003A3D51DB13D7A00FC65AB /* Resources */,
			);
			buildRules = (
			);
			dependencies = (
			);
			name = DouYu;
			productName = DouYu;
			productReference = 4003A3D71DB13D7A00FC65AB /* DouYu.app */;
			productType = "com.apple.product-type.application";
		};
/* End PBXNativeTarget section */

/* Begin PBXProject section */
		4003A3CF1DB13D7A00FC65AB /* Project object */ = {
			isa = PBXProject;
			attributes = {
				LastSwiftUpdateCheck = 0800;
				LastUpgradeCheck = 0800;
				ORGANIZATIONNAME = MuWei;
				TargetAttributes = {
					4003A3D61DB13D7A00FC65AB = {
						CreatedOnToolsVersion = 8.0;
						DevelopmentTeam = B88J6FK857;
						ProvisioningStyle = Automatic;
					};
				};
			};
			buildConfigurationList = 4003A3D21DB13D7A00FC65AB /* Build configuration list for PBXProject "DouYu" */;
			compatibilityVersion = "Xcode 3.2";
			developmentRegion = English;
			hasScannedForEncodings = 0;
			knownRegions = (
				en,
				Base,
			);
			mainGroup = 4003A3CE1DB13D7A00FC65AB;
			productRefGroup = 4003A3D81DB13D7A00FC65AB /* Products */;
			projectDirPath = "";
			projectRoot = "";
			targets = (
				4003A3D61DB13D7A00FC65AB /* DouYu */,
			);
		};
/* End PBXProject section */

/* Begin PBXResourcesBuildPhase section */
		4003A3D51DB13D7A00FC65AB /* Resources */ = {
			isa = PBXResourcesBuildPhase;
			buildActionMask = 2147483647;
			files = (
				4003A3E51DB13D7A00FC65AB /* LaunchScreen.storyboard in Resources */,
				4003A3E21DB13D7A00FC65AB /* Assets.xcassets in Resources */,
				4003A3E01DB13D7A00FC65AB /* Main.storyboard in Resources */,
			);
			runOnlyForDeploymentPostprocessing = 0;
		};
/* End PBXResourcesBuildPhase section */

/* Begin PBXSourcesBuildPhase section */
		4003A3D31DB13D7A00FC65AB /* Sources */ = {
			isa = PBXSourcesBuildPhase;
			buildActionMask = 2147483647;
			files = (
				4003A3DD1DB13D7A00FC65AB /* ViewController.swift in Sources */,
				4003A3DB1DB13D7A00FC65AB /* AppDelegate.swift in Sources */,
			);
			runOnlyForDeploymentPostprocessing = 0;
		};
/* End PBXSourcesBuildPhase section */

/* Begin PBXVariantGroup section */
		4003A3DE1DB13D7A00FC65AB /* Main.storyboard */ = {
			isa = PBXVariantGroup;
			children = (
				4003A3DF1DB13D7A00FC65AB /* Base */,
			);
			name = Main.storyboard;
			sourceTree = "<group>";
		};
		4003A3E31DB13D7A00FC65AB /* LaunchScreen.storyboard */ = {
			isa = PBXVariantGroup;
			children = (
				4003A3E41DB13D7A00FC65AB /* Base */,
			);
			name = LaunchScreen.storyboard;
			sourceTree = "<group>";
		};
/* End PBXVariantGroup section */

/* Begin XCBuildConfiguration section */
		4003A3E71DB13D7A00FC65AB /* Debug */ = {
			isa = XCBuildConfiguration;
			buildSettings = {
				ALWAYS_SEARCH_USER_PATHS = NO;
				CLANG_ANALYZER_NONNULL = YES;
				CLANG_CXX_LANGUAGE_STANDARD = "gnu++0x";
				CLANG_CXX_LIBRARY = "libc++";
				CLANG_ENABLE_MODULES = YES;
				CLANG_ENABLE_OBJC_ARC = YES;
				CLANG_WARN_BOOL_CONVERSION = YES;
				CLANG_WARN_CONSTANT_CONVERSION = YES;
				CLANG_WARN_DIRECT_OBJC_ISA_USAGE = YES_ERROR;
				CLANG_WARN_DOCUMENTATION_COMMENTS = YES;
				CLANG_WARN_EMPTY_BODY = YES;
				CLANG_WARN_ENUM_CONVERSION = YES;
				CLANG_WARN_INFINITE_RECURSION = YES;
				CLANG_WARN_INT_CONVERSION = YES;
				CLANG_WARN_OBJC_ROOT_CLASS = YES_ERROR;
				CLANG_WARN_SUSPICIOUS_MOVES = YES;
				CLANG_WARN_UNREACHABLE_CODE = YES;
				CLANG_WARN__DUPLICATE_METHOD_MATCH = YES;
				"CODE_SIGN_IDENTITY[sdk=iphoneos*]" = "iPhone Developer";
				COPY_PHASE_STRIP = NO;
				DEBUG_INFORMATION_FORMAT = dwarf;
				ENABLE_STRICT_OBJC_MSGSEND = YES;
				ENABLE_TESTABILITY = YES;
				GCC_C_LANGUAGE_STANDARD = gnu99;
				GCC_DYNAMIC_NO_PIC = NO;
				GCC_NO_COMMON_BLOCKS = YES;
				GCC_OPTIMIZATION_LEVEL = 0;
				GCC_PREPROCESSOR_DEFINITIONS = (
					"DEBUG=1",
					"$(inherited)",
				);
				GCC_WARN_64_TO_32_BIT_CONVERSION = YES;
				GCC_WARN_ABOUT_RETURN_TYPE = YES_ERROR;
				GCC_WARN_UNDECLARED_SELECTOR = YES;
				GCC_WARN_UNINITIALIZED_AUTOS = YES_AGGRESSIVE;
				GCC_WARN_UNUSED_FUNCTION = YES;
				GCC_WARN_UNUSED_VARIABLE = YES;
				IPHONEOS_DEPLOYMENT_TARGET = 10.0;
				MTL_ENABLE_DEBUG_INFO = YES;
				ONLY_ACTIVE_ARCH = YES;
				SDKROOT = iphoneos;
				SWIFT_ACTIVE_COMPILATION_CONDITIONS = DEBUG;
				SWIFT_OPTIMIZATION_LEVEL = "-Onone";
			};
			name = Debug;
		};
		4003A3E81DB13D7A00FC65AB /* Release */ = {
			isa = XCBuildConfiguration;
			buildSettings = {
				ALWAYS_SEARCH_USER_PATHS = NO;
				CLANG_ANALYZER_NONNULL = YES;
				CLANG_CXX_LANGUAGE_STANDARD = "gnu++0x";
				CLANG_CXX_LIBRARY = "libc++";
				CLANG_ENABLE_MODULES = YES;
				CLANG_ENABLE_OBJC_ARC = YES;
				CLANG_WARN_BOOL_CONVERSION = YES;
				CLANG_WARN_CONSTANT_CONVERSION = YES;
				CLANG_WARN_DIRECT_OBJC_ISA_USAGE = YES_ERROR;
				CLANG_WARN_DOCUMENTATION_COMMENTS = YES;
				CLANG_WARN_EMPTY_BODY = YES;
				CLANG_WARN_ENUM_CONVERSION = YES;
				CLANG_WARN_INFINITE_RECURSION = YES;
				CLANG_WARN_INT_CONVERSION = YES;
				CLANG_WARN_OBJC_ROOT_CLASS = YES_ERROR;
				CLANG_WARN_SUSPICIOUS_MOVES = YES;
				CLANG_WARN_UNREACHABLE_CODE = YES;
				CLANG_WARN__DUPLICATE_METHOD_MATCH = YES;
				"CODE_SIGN_IDENTITY[sdk=iphoneos*]" = "iPhone Developer";
				COPY_PHASE_STRIP = NO;
				DEBUG_INFORMATION_FORMAT = "dwarf-with-dsym";
				ENABLE_NS_ASSERTIONS = NO;
				ENABLE_STRICT_OBJC_MSGSEND = YES;
				GCC_C_LANGUAGE_STANDARD = gnu99;
				GCC_NO_COMMON_BLOCKS = YES;
				GCC_WARN_64_TO_32_BIT_CONVERSION = YES;
				GCC_WARN_ABOUT_RETURN_TYPE = YES_ERROR;
				GCC_WARN_UNDECLARED_SELECTOR = YES;
				GCC_WARN_UNINITIALIZED_AUTOS = YES_AGGRESSIVE;
				GCC_WARN_UNUSED_FUNCTION = YES;
				GCC_WARN_UNUSED_VARIABLE = YES;
				IPHONEOS_DEPLOYMENT_TARGET = 10.0;
				MTL_ENABLE_DEBUG_INFO = NO;
				SDKROOT = iphoneos;
				SWIFT_OPTIMIZATION_LEVEL = "-Owholemodule";
				VALIDATE_PRODUCT = YES;
			};
			name = Release;
		};
		4003A3EA1DB13D7A00FC65AB /* Debug */ = {
			isa = XCBuildConfiguration;
			buildSettings = {
				ASSETCATALOG_COMPILER_APPICON_NAME = AppIcon;
				ASSETCATALOG_COMPILER_LAUNCHIMAGE_NAME = LaunchImage;
				DEVELOPMENT_TEAM = B88J6FK857;
				INFOPLIST_FILE = DouYu/Info.plist;
				IPHONEOS_DEPLOYMENT_TARGET = 9.0;
				LD_RUNPATH_SEARCH_PATHS = "$(inherited) @executable_path/Frameworks";
				PRODUCT_BUNDLE_IDENTIFIER = com.daxian.DouYu;
				PRODUCT_NAME = "$(TARGET_NAME)";
				SWIFT_VERSION = 3.0;
			};
			name = Debug;
		};
		4003A3EB1DB13D7A00FC65AB /* Release */ = {
			isa = XCBuildConfiguration;
			buildSettings = {
				ASSETCATALOG_COMPILER_APPICON_NAME = AppIcon;
				ASSETCATALOG_COMPILER_LAUNCHIMAGE_NAME = LaunchImage;
				DEVELOPMENT_TEAM = B88J6FK857;
				INFOPLIST_FILE = DouYu/Info.plist;
				IPHONEOS_DEPLOYMENT_TARGET = 9.0;
				LD_RUNPATH_SEARCH_PATHS = "$(inherited) @executable_path/Frameworks";
				PRODUCT_BUNDLE_IDENTIFIER = com.daxian.DouYu;
				PRODUCT_NAME = "$(TARGET_NAME)";
				SWIFT_VERSION = 3.0;
			};
			name = Release;
		};
/* End XCBuildConfiguration section */

/* Begin XCConfigurationList section */
		4003A3D21DB13D7A00FC65AB /* Build configuration list for PBXProject "DouYu" */ = {
			isa = XCConfigurationList;
			buildConfigurations = (
				4003A3E71DB13D7A00FC65AB /* Debug */,
				4003A3E81DB13D7A00FC65AB /* Release */,
			);
			defaultConfigurationIsVisible = 0;
			defaultConfigurationName = Release;
		};
		4003A3E91DB13D7A00FC65AB /* Build configuration list for PBXNativeTarget "DouYu" */ = {
			isa = XCConfigurationList;
			buildConfigurations = (
				4003A3EA1DB13D7A00FC65AB /* Debug */,
				4003A3EB1DB13D7A00FC65AB /* Release */,
			);
			defaultConfigurationIsVisible = 0;
			defaultConfigurationName = Release;
		};
/* End XCConfigurationList section */
	};
	rootObject = 4003A3CF1DB13D7A00FC65AB /* Project object */;
}
